
Microsoft Visual Studio Solution File, Format Version 12.00
# Visual Studio Version 16
VisualStudioVersion = 16.0.29911.84
MinimumVisualStudioVersion = 10.0.40219.1
Project("{FAE04EC0-301F-11D3-BF4B-00C04F79EFBC}") = "EFCinema", "EFCinema\EFCinema.csproj", "{AC86F811-ACCC-4E03-9EF0-4414617AA73B}"
EndProject
Global
	GlobalSection(SolutionConfigurationPlatforms) = preSolution
		Debug|Any CPU = Debug|Any CPU
		Release|Any CPU = Release|Any CPU
	EndGlobalSection
	GlobalSection(ProjectConfigurationPlatforms) = postSolution
		{AC86F811-ACCC-4E03-9EF0-4414617AA73B}.Debug|Any CPU.ActiveCfg = Debug|Any CPU
		{AC86F811-ACCC-4E03-9EF0-4414617AA73B}.Debug|Any CPU.Build.0 = Debug|Any CPU
		{AC86F811-ACCC-4E03-9EF0-4414617AA73B}.Release|Any CPU.ActiveCfg = Release|Any CPU
		{AC86F811-ACCC-4E03-9EF0-4414617AA73B}.Release|Any CPU.Build.0 = Release|Any CPU
	EndGlobalSection
	GlobalSection(SolutionProperties) = preSolution
		HideSolutionNode = FALSE
	EndGlobalSection
	GlobalSection(ExtensibilityGlobals) = postSolution
		SolutionGuid = {595C0B27-E166-43CA-9414-7F32ABE158D0}
	EndGlobalSection
EndGlobal
